
Microsoft Visual Studio Solution File, Format Version 12.00
# Visual Studio Version 17
VisualStudioVersion = 17.0.31903.59
MinimumVisualStudioVersion = 10.0.40219.1
Project("{FAE04EC0-301F-11D3-BF4B-00C04F79EFBC}") = "Instrument", "Instrument\Instrument.csproj", "{C1631243-CA76-4656-B374-53D84FA73537}"
EndProject
Project("{FAE04EC0-301F-11D3-BF4B-00C04F79EFBC}") = "LoggerModule", "LoggerModule\LoggerModule.csproj", "{F471837A-B660-4249-80DA-98E8A7033DD1}"
EndProject
Project("{FAE04EC0-301F-11D3-BF4B-00C04F79EFBC}") = "TradingEngineServer", "TradingEngine\TradingEngineServer.csproj", "{99F1C694-2823-4B37-91CF-DDEDA1C62DD1}"
EndProject
Project("{FAE04EC0-301F-11D3-BF4B-00C04F79EFBC}") = "Orders", "Orders\Orders.csproj", "{C2680429-3DFC-4330-9451-D19A985DB88E}"
EndProject
Project("{FAE04EC0-301F-11D3-BF4B-00C04F79EFBC}") = "Orderbook", "Orderbook\Orderbook.csproj", "{93D4F4B5-0682-4682-8440-66C14C73BEFB}"
EndProject
Global
	GlobalSection(SolutionConfigurationPlatforms) = preSolution
		Debug|Any CPU = Debug|Any CPU
		Release|Any CPU = Release|Any CPU
	EndGlobalSection
	GlobalSection(SolutionProperties) = preSolution
		HideSolutionNode = FALSE
	EndGlobalSection
	GlobalSection(ProjectConfigurationPlatforms) = postSolution
		{C1631243-CA76-4656-B374-53D84FA73537}.Debug|Any CPU.ActiveCfg = Debug|Any CPU
		{C1631243-CA76-4656-B374-53D84FA73537}.Debug|Any CPU.Build.0 = Debug|Any CPU
		{C1631243-CA76-4656-B374-53D84FA73537}.Release|Any CPU.ActiveCfg = Release|Any CPU
		{C1631243-CA76-4656-B374-53D84FA73537}.Release|Any CPU.Build.0 = Release|Any CPU
		{F471837A-B660-4249-80DA-98E8A7033DD1}.Debug|Any CPU.ActiveCfg = Debug|Any CPU
		{F471837A-B660-4249-80DA-98E8A7033DD1}.Debug|Any CPU.Build.0 = Debug|Any CPU
		{F471837A-B660-4249-80DA-98E8A7033DD1}.Release|Any CPU.ActiveCfg = Release|Any CPU
		{F471837A-B660-4249-80DA-98E8A7033DD1}.Release|Any CPU.Build.0 = Release|Any CPU
		{99F1C694-2823-4B37-91CF-DDEDA1C62DD1}.Debug|Any CPU.ActiveCfg = Debug|Any CPU
		{99F1C694-2823-4B37-91CF-DDEDA1C62DD1}.Debug|Any CPU.Build.0 = Debug|Any CPU
		{99F1C694-2823-4B37-91CF-DDEDA1C62DD1}.Release|Any CPU.ActiveCfg = Release|Any CPU
		{99F1C694-2823-4B37-91CF-DDEDA1C62DD1}.Release|Any CPU.Build.0 = Release|Any CPU
		{C2680429-3DFC-4330-9451-D19A985DB88E}.Debug|Any CPU.ActiveCfg = Debug|Any CPU
		{C2680429-3DFC-4330-9451-D19A985DB88E}.Debug|Any CPU.Build.0 = Debug|Any CPU
		{C2680429-3DFC-4330-9451-D19A985DB88E}.Release|Any CPU.ActiveCfg = Release|Any CPU
		{C2680429-3DFC-4330-9451-D19A985DB88E}.Release|Any CPU.Build.0 = Release|Any CPU
		{93D4F4B5-0682-4682-8440-66C14C73BEFB}.Debug|Any CPU.ActiveCfg = Debug|Any CPU
		{93D4F4B5-0682-4682-8440-66C14C73BEFB}.Debug|Any CPU.Build.0 = Debug|Any CPU
		{93D4F4B5-0682-4682-8440-66C14C73BEFB}.Release|Any CPU.ActiveCfg = Release|Any CPU
		{93D4F4B5-0682-4682-8440-66C14C73BEFB}.Release|Any CPU.Build.0 = Release|Any CPU
	EndGlobalSection
EndGlobal
